
Microsoft Visual Studio Solution File, Format Version 12.00
Project("{FAE04EC0-301F-11D3-BF4B-00C04F79EFBC}") = "ClientVeeam", "ClientVeeam\ClientVeeam.csproj", "{305BA790-F99C-4269-8ADB-448BD161766C}"
EndProject
Project("{FAE04EC0-301F-11D3-BF4B-00C04F79EFBC}") = "ServerVeeam", "ServerVeeam\ServerVeeam.csproj", "{C954E754-8053-4385-90D5-F2F9AC101D00}"
EndProject
Project("{FAE04EC0-301F-11D3-BF4B-00C04F79EFBC}") = "Veeam", "Veeam\Veeam.csproj", "{3CA471A9-7A84-4D78-BD09-62DCCA21D230}"
EndProject
Global
	GlobalSection(SolutionConfigurationPlatforms) = preSolution
		Debug|Any CPU = Debug|Any CPU
		Release|Any CPU = Release|Any CPU
	EndGlobalSection
	GlobalSection(ProjectConfigurationPlatforms) = postSolution
		{305BA790-F99C-4269-8ADB-448BD161766C}.Debug|Any CPU.ActiveCfg = Debug|Any CPU
		{305BA790-F99C-4269-8ADB-448BD161766C}.Debug|Any CPU.Build.0 = Debug|Any CPU
		{305BA790-F99C-4269-8ADB-448BD161766C}.Release|Any CPU.ActiveCfg = Release|Any CPU
		{305BA790-F99C-4269-8ADB-448BD161766C}.Release|Any CPU.Build.0 = Release|Any CPU
		{C954E754-8053-4385-90D5-F2F9AC101D00}.Debug|Any CPU.ActiveCfg = Debug|Any CPU
		{C954E754-8053-4385-90D5-F2F9AC101D00}.Debug|Any CPU.Build.0 = Debug|Any CPU
		{C954E754-8053-4385-90D5-F2F9AC101D00}.Release|Any CPU.ActiveCfg = Release|Any CPU
		{C954E754-8053-4385-90D5-F2F9AC101D00}.Release|Any CPU.Build.0 = Release|Any CPU
		{3CA471A9-7A84-4D78-BD09-62DCCA21D230}.Debug|Any CPU.ActiveCfg = Debug|Any CPU
		{3CA471A9-7A84-4D78-BD09-62DCCA21D230}.Debug|Any CPU.Build.0 = Debug|Any CPU
		{3CA471A9-7A84-4D78-BD09-62DCCA21D230}.Release|Any CPU.ActiveCfg = Release|Any CPU
		{3CA471A9-7A84-4D78-BD09-62DCCA21D230}.Release|Any CPU.Build.0 = Release|Any CPU
	EndGlobalSection
EndGlobal
